
Microsoft Visual Studio Solution File, Format Version 12.00
# Visual Studio 15
VisualStudioVersion = 15.0.27428.2037
MinimumVisualStudioVersion = 10.0.40219.1
Project("{FAE04EC0-301F-11D3-BF4B-00C04F79EFBC}") = "RentAnUmpireWebApi", "RentAnUmpireWebApi\RentAnUmpireWebApi.csproj", "{371851AB-6F5C-48FE-9905-D08AFFA15911}"
EndProject
Project("{FAE04EC0-301F-11D3-BF4B-00C04F79EFBC}") = "RentAnUmpireClient", "RentAnUmpireWebApplication\RentAnUmpireClient.csproj", "{C5FCA624-FD08-4401-BB0D-600E88D44F53}"
EndProject
Project("{FAE04EC0-301F-11D3-BF4B-00C04F79EFBC}") = "RentAnUmpireServices", "RentAnUmpireServices\RentAnUmpireServices.csproj", "{02326CC2-F809-4DCD-8343-35CF57D11708}"
EndProject
Project("{FAE04EC0-301F-11D3-BF4B-00C04F79EFBC}") = "RentAnUmpireDataLayer", "RentAnUmpireDataLayer\RentAnUmpireDataLayer.csproj", "{1E6882B9-BD6B-4DBE-A41E-09F9014E2EC8}"
EndProject
Global
	GlobalSection(SolutionConfigurationPlatforms) = preSolution
		Debug|Any CPU = Debug|Any CPU
		Release|Any CPU = Release|Any CPU
	EndGlobalSection
	GlobalSection(ProjectConfigurationPlatforms) = postSolution
		{371851AB-6F5C-48FE-9905-D08AFFA15911}.Debug|Any CPU.ActiveCfg = Debug|Any CPU
		{371851AB-6F5C-48FE-9905-D08AFFA15911}.Debug|Any CPU.Build.0 = Debug|Any CPU
		{371851AB-6F5C-48FE-9905-D08AFFA15911}.Release|Any CPU.ActiveCfg = Release|Any CPU
		{371851AB-6F5C-48FE-9905-D08AFFA15911}.Release|Any CPU.Build.0 = Release|Any CPU
		{C5FCA624-FD08-4401-BB0D-600E88D44F53}.Debug|Any CPU.ActiveCfg = Debug|Any CPU
		{C5FCA624-FD08-4401-BB0D-600E88D44F53}.Debug|Any CPU.Build.0 = Debug|Any CPU
		{C5FCA624-FD08-4401-BB0D-600E88D44F53}.Release|Any CPU.ActiveCfg = Release|Any CPU
		{C5FCA624-FD08-4401-BB0D-600E88D44F53}.Release|Any CPU.Build.0 = Release|Any CPU
		{02326CC2-F809-4DCD-8343-35CF57D11708}.Debug|Any CPU.ActiveCfg = Debug|Any CPU
		{02326CC2-F809-4DCD-8343-35CF57D11708}.Debug|Any CPU.Build.0 = Debug|Any CPU
		{02326CC2-F809-4DCD-8343-35CF57D11708}.Release|Any CPU.ActiveCfg = Release|Any CPU
		{02326CC2-F809-4DCD-8343-35CF57D11708}.Release|Any CPU.Build.0 = Release|Any CPU
		{1E6882B9-BD6B-4DBE-A41E-09F9014E2EC8}.Debug|Any CPU.ActiveCfg = Debug|Any CPU
		{1E6882B9-BD6B-4DBE-A41E-09F9014E2EC8}.Debug|Any CPU.Build.0 = Debug|Any CPU
		{1E6882B9-BD6B-4DBE-A41E-09F9014E2EC8}.Release|Any CPU.ActiveCfg = Release|Any CPU
		{1E6882B9-BD6B-4DBE-A41E-09F9014E2EC8}.Release|Any CPU.Build.0 = Release|Any CPU
	EndGlobalSection
	GlobalSection(SolutionProperties) = preSolution
		HideSolutionNode = FALSE
	EndGlobalSection
	GlobalSection(ExtensibilityGlobals) = postSolution
		SolutionGuid = {2B67098C-2B2C-4FCE-AD84-50E5261CD0ED}
	EndGlobalSection
EndGlobal
